// !$*UTF8*$!
{
	archiveVersion = 1;
	classes = {
	};
	objectVersion = 46;
	objects = {

/* Begin PBXBuildFile section */
		A9569DF21C5E2AA3001F4C3F /* Question.swift in Sources */ = {isa = PBXBuildFile; fileRef = A9569DF11C5E2AA3001F4C3F /* Question.swift */; };
		A957599E1C566B93005634A1 /* ResearchKit.framework in Frameworks */ = {isa = PBXBuildFile; fileRef = A95C1C041C4ED9F80063CED5 /* ResearchKit.framework */; };
		A957599F1C566B93005634A1 /* ResearchKit.framework in Embed Frameworks */ = {isa = PBXBuildFile; fileRef = A95C1C041C4ED9F80063CED5 /* ResearchKit.framework */; settings = {ATTRIBUTES = (CodeSignOnCopy, RemoveHeadersOnCopy, ); }; };
		A95759A41C56826F005634A1 /* ImageQuestionViewController.swift in Sources */ = {isa = PBXBuildFile; fileRef = A95759A31C56826F005634A1 /* ImageQuestionViewController.swift */; };
		A95759A61C568B3D005634A1 /* QuestionViewController.swift in Sources */ = {isa = PBXBuildFile; fileRef = A95759A51C568B3D005634A1 /* QuestionViewController.swift */; };
		A95B7BE21C5E6B3B004C8EC3 /* TextStyleAnswerQuestionViewController.swift in Sources */ = {isa = PBXBuildFile; fileRef = A95B7BE11C5E6B3B004C8EC3 /* TextStyleAnswerQuestionViewController.swift */; };
		A95C1BE81C4ECFB30063CED5 /* AppDelegate.swift in Sources */ = {isa = PBXBuildFile; fileRef = A95C1BE71C4ECFB30063CED5 /* AppDelegate.swift */; };
		A95C1BEA1C4ECFB30063CED5 /* ViewController.swift in Sources */ = {isa = PBXBuildFile; fileRef = A95C1BE91C4ECFB30063CED5 /* ViewController.swift */; };
		A95C1BED1C4ECFB30063CED5 /* Main.storyboard in Resources */ = {isa = PBXBuildFile; fileRef = A95C1BEB1C4ECFB30063CED5 /* Main.storyboard */; };
		A95C1BF01C4ECFB30063CED5 /* TBI_App.xcdatamodeld in Sources */ = {isa = PBXBuildFile; fileRef = A95C1BEE1C4ECFB30063CED5 /* TBI_App.xcdatamodeld */; };
		A95C1BF21C4ECFB30063CED5 /* Assets.xcassets in Resources */ = {isa = PBXBuildFile; fileRef = A95C1BF11C4ECFB30063CED5 /* Assets.xcassets */; };
		A95C1BF51C4ECFB30063CED5 /* LaunchScreen.storyboard in Resources */ = {isa = PBXBuildFile; fileRef = A95C1BF31C4ECFB30063CED5 /* LaunchScreen.storyboard */; };
/* End PBXBuildFile section */

/* Begin PBXContainerItemProxy section */
		A95759A01C566B93005634A1 /* PBXContainerItemProxy */ = {
			isa = PBXContainerItemProxy;
			containerPortal = A95C1BFD1C4ED9F70063CED5 /* ResearchKit.xcodeproj */;
			proxyType = 1;
			remoteGlobalIDString = B183A4731A8535D100C76870;
			remoteInfo = ResearchKit;
		};
		A95C1C031C4ED9F80063CED5 /* PBXContainerItemProxy */ = {
			isa = PBXContainerItemProxy;
			containerPortal = A95C1BFD1C4ED9F70063CED5 /* ResearchKit.xcodeproj */;
			proxyType = 2;
			remoteGlobalIDString = B183A5951A8535D100C76870;
			remoteInfo = ResearchKit;
		};
		A95C1C051C4ED9F80063CED5 /* PBXContainerItemProxy */ = {
			isa = PBXContainerItemProxy;
			containerPortal = A95C1BFD1C4ED9F70063CED5 /* ResearchKit.xcodeproj */;
			proxyType = 2;
			remoteGlobalIDString = 86CC8E9A1AC09332001CCD89;
			remoteInfo = ResearchKitTests;
		};
/* End PBXContainerItemProxy section */

/* Begin PBXCopyFilesBuildPhase section */
		A95759A21C566B93005634A1 /* Embed Frameworks */ = {
			isa = PBXCopyFilesBuildPhase;
			buildActionMask = 2147483647;
			dstPath = "";
			dstSubfolderSpec = 10;
			files = (
				A957599F1C566B93005634A1 /* ResearchKit.framework in Embed Frameworks */,
			);
			name = "Embed Frameworks";
			runOnlyForDeploymentPostprocessing = 0;
		};
/* End PBXCopyFilesBuildPhase section */

/* Begin PBXFileReference section */
		A9569DF11C5E2AA3001F4C3F /* Question.swift */ = {isa = PBXFileReference; fileEncoding = 4; lastKnownFileType = sourcecode.swift; path = Question.swift; sourceTree = "<group>"; };
		A95759A31C56826F005634A1 /* ImageQuestionViewController.swift */ = {isa = PBXFileReference; fileEncoding = 4; lastKnownFileType = sourcecode.swift; path = ImageQuestionViewController.swift; sourceTree = "<group>"; };
		A95759A51C568B3D005634A1 /* QuestionViewController.swift */ = {isa = PBXFileReference; fileEncoding = 4; lastKnownFileType = sourcecode.swift; path = QuestionViewController.swift; sourceTree = "<group>"; };
		A95B7BE11C5E6B3B004C8EC3 /* TextStyleAnswerQuestionViewController.swift */ = {isa = PBXFileReference; fileEncoding = 4; lastKnownFileType = sourcecode.swift; path = TextStyleAnswerQuestionViewController.swift; sourceTree = "<group>"; };
		A95C1BE41C4ECFB30063CED5 /* TBI App.app */ = {isa = PBXFileReference; explicitFileType = wrapper.application; includeInIndex = 0; path = "TBI App.app"; sourceTree = BUILT_PRODUCTS_DIR; };
		A95C1BE71C4ECFB30063CED5 /* AppDelegate.swift */ = {isa = PBXFileReference; lastKnownFileType = sourcecode.swift; path = AppDelegate.swift; sourceTree = "<group>"; };
		A95C1BE91C4ECFB30063CED5 /* ViewController.swift */ = {isa = PBXFileReference; lastKnownFileType = sourcecode.swift; path = ViewController.swift; sourceTree = "<group>"; };
		A95C1BEC1C4ECFB30063CED5 /* Base */ = {isa = PBXFileReference; lastKnownFileType = file.storyboard; name = Base; path = Base.lproj/Main.storyboard; sourceTree = "<group>"; };
		A95C1BEF1C4ECFB30063CED5 /* TBI_App.xcdatamodel */ = {isa = PBXFileReference; lastKnownFileType = wrapper.xcdatamodel; path = TBI_App.xcdatamodel; sourceTree = "<group>"; };
		A95C1BF11C4ECFB30063CED5 /* Assets.xcassets */ = {isa = PBXFileReference; lastKnownFileType = folder.assetcatalog; path = Assets.xcassets; sourceTree = "<group>"; };
		A95C1BF41C4ECFB30063CED5 /* Base */ = {isa = PBXFileReference; lastKnownFileType = file.storyboard; name = Base; path = Base.lproj/LaunchScreen.storyboard; sourceTree = "<group>"; };
		A95C1BF61C4ECFB30063CED5 /* Info.plist */ = {isa = PBXFileReference; lastKnownFileType = text.plist.xml; path = Info.plist; sourceTree = "<group>"; };
		A95C1BFD1C4ED9F70063CED5 /* ResearchKit.xcodeproj */ = {isa = PBXFileReference; lastKnownFileType = "wrapper.pb-project"; name = ResearchKit.xcodeproj; path = ../../ResearchKit/ResearchKit.xcodeproj; sourceTree = "<group>"; };
/* End PBXFileReference section */

/* Begin PBXFrameworksBuildPhase section */
		A95C1BE11C4ECFB30063CED5 /* Frameworks */ = {
			isa = PBXFrameworksBuildPhase;
			buildActionMask = 2147483647;
			files = (
				A957599E1C566B93005634A1 /* ResearchKit.framework in Frameworks */,
			);
			runOnlyForDeploymentPostprocessing = 0;
		};
/* End PBXFrameworksBuildPhase section */

/* Begin PBXGroup section */
		A95C1BDB1C4ECFB30063CED5 = {
			isa = PBXGroup;
			children = (
				A95C1BE61C4ECFB30063CED5 /* TBI App */,
				A95C1BFD1C4ED9F70063CED5 /* ResearchKit.xcodeproj */,
				A95C1BE51C4ECFB30063CED5 /* Products */,
			);
			sourceTree = "<group>";
		};
		A95C1BE51C4ECFB30063CED5 /* Products */ = {
			isa = PBXGroup;
			children = (
				A95C1BE41C4ECFB30063CED5 /* TBI App.app */,
			);
			name = Products;
			sourceTree = "<group>";
		};
		A95C1BE61C4ECFB30063CED5 /* TBI App */ = {
			isa = PBXGroup;
			children = (
				A95C1BE71C4ECFB30063CED5 /* AppDelegate.swift */,
				A95C1BE91C4ECFB30063CED5 /* ViewController.swift */,
				A95C1BEB1C4ECFB30063CED5 /* Main.storyboard */,
				A95C1BF11C4ECFB30063CED5 /* Assets.xcassets */,
				A95C1BF31C4ECFB30063CED5 /* LaunchScreen.storyboard */,
				A95C1BF61C4ECFB30063CED5 /* Info.plist */,
				A95C1BEE1C4ECFB30063CED5 /* TBI_App.xcdatamodeld */,
				A95759A31C56826F005634A1 /* ImageQuestionViewController.swift */,
				A95759A51C568B3D005634A1 /* QuestionViewController.swift */,
				A9569DF11C5E2AA3001F4C3F /* Question.swift */,
				A95B7BE11C5E6B3B004C8EC3 /* TextStyleAnswerQuestionViewController.swift */,
			);
			path = "TBI App";
			sourceTree = "<group>";
		};
		A95C1BFE1C4ED9F70063CED5 /* Products */ = {
			isa = PBXGroup;
			children = (
				A95C1C041C4ED9F80063CED5 /* ResearchKit.framework */,
				A95C1C061C4ED9F80063CED5 /* ResearchKitTests.xctest */,
			);
			name = Products;
			sourceTree = "<group>";
		};
/* End PBXGroup section */

/* Begin PBXNativeTarget section */
		A95C1BE31C4ECFB30063CED5 /* TBI App */ = {
			isa = PBXNativeTarget;
			buildConfigurationList = A95C1BF91C4ECFB30063CED5 /* Build configuration list for PBXNativeTarget "TBI App" */;
			buildPhases = (
				A95C1BE01C4ECFB30063CED5 /* Sources */,
				A95C1BE11C4ECFB30063CED5 /* Frameworks */,
				A95C1BE21C4ECFB30063CED5 /* Resources */,
				A95759A21C566B93005634A1 /* Embed Frameworks */,
			);
			buildRules = (
			);
			dependencies = (
				A95759A11C566B93005634A1 /* PBXTargetDependency */,
			);
			name = "TBI App";
			productName = "TBI App";
			productReference = A95C1BE41C4ECFB30063CED5 /* TBI App.app */;
			productType = "com.apple.product-type.application";
		};
/* End PBXNativeTarget section */

/* Begin PBXProject section */
		A95C1BDC1C4ECFB30063CED5 /* Project object */ = {
			isa = PBXProject;
			attributes = {
				LastSwiftUpdateCheck = 0720;
				LastUpgradeCheck = 0720;
				ORGANIZATIONNAME = "George McDonnell";
				TargetAttributes = {
					A95C1BE31C4ECFB30063CED5 = {
						CreatedOnToolsVersion = 7.2;
					};
				};
			};
			buildConfigurationList = A95C1BDF1C4ECFB30063CED5 /* Build configuration list for PBXProject "TBI App" */;
			compatibilityVersion = "Xcode 3.2";
			developmentRegion = English;
			hasScannedForEncodings = 0;
			knownRegions = (
				en,
				Base,
			);
			mainGroup = A95C1BDB1C4ECFB30063CED5;
			productRefGroup = A95C1BE51C4ECFB30063CED5 /* Products */;
			projectDirPath = "";
			projectReferences = (
				{
					ProductGroup = A95C1BFE1C4ED9F70063CED5 /* Products */;
					ProjectRef = A95C1BFD1C4ED9F70063CED5 /* ResearchKit.xcodeproj */;
				},
			);
			projectRoot = "";
			targets = (
				A95C1BE31C4ECFB30063CED5 /* TBI App */,
			);
		};
/* End PBXProject section */

/* Begin PBXReferenceProxy section */
		A95C1C041C4ED9F80063CED5 /* ResearchKit.framework */ = {
			isa = PBXReferenceProxy;
			fileType = wrapper.framework;
			path = ResearchKit.framework;
			remoteRef = A95C1C031C4ED9F80063CED5 /* PBXContainerItemProxy */;
			sourceTree = BUILT_PRODUCTS_DIR;
		};
		A95C1C061C4ED9F80063CED5 /* ResearchKitTests.xctest */ = {
			isa = PBXReferenceProxy;
			fileType = wrapper.cfbundle;
			path = ResearchKitTests.xctest;
			remoteRef = A95C1C051C4ED9F80063CED5 /* PBXContainerItemProxy */;
			sourceTree = BUILT_PRODUCTS_DIR;
		};
/* End PBXReferenceProxy section */

/* Begin PBXResourcesBuildPhase section */
		A95C1BE21C4ECFB30063CED5 /* Resources */ = {
			isa = PBXResourcesBuildPhase;
			buildActionMask = 2147483647;
			files = (
				A95C1BF51C4ECFB30063CED5 /* LaunchScreen.storyboard in Resources */,
				A95C1BF21C4ECFB30063CED5 /* Assets.xcassets in Resources */,
				A95C1BED1C4ECFB30063CED5 /* Main.storyboard in Resources */,
			);
			runOnlyForDeploymentPostprocessing = 0;
		};
/* End PBXResourcesBuildPhase section */

/* Begin PBXSourcesBuildPhase section */
		A95C1BE01C4ECFB30063CED5 /* Sources */ = {
			isa = PBXSourcesBuildPhase;
			buildActionMask = 2147483647;
			files = (
				A95C1BEA1C4ECFB30063CED5 /* ViewController.swift in Sources */,
				A95759A61C568B3D005634A1 /* QuestionViewController.swift in Sources */,
				A95C1BF01C4ECFB30063CED5 /* TBI_App.xcdatamodeld in Sources */,
				A9569DF21C5E2AA3001F4C3F /* Question.swift in Sources */,
				A95759A41C56826F005634A1 /* ImageQuestionViewController.swift in Sources */,
				A95C1BE81C4ECFB30063CED5 /* AppDelegate.swift in Sources */,
				A95B7BE21C5E6B3B004C8EC3 /* TextStyleAnswerQuestionViewController.swift in Sources */,
			);
			runOnlyForDeploymentPostprocessing = 0;
		};
/* End PBXSourcesBuildPhase section */

/* Begin PBXTargetDependency section */
		A95759A11C566B93005634A1 /* PBXTargetDependency */ = {
			isa = PBXTargetDependency;
			name = ResearchKit;
			targetProxy = A95759A01C566B93005634A1 /* PBXContainerItemProxy */;
		};
/* End PBXTargetDependency section */

/* Begin PBXVariantGroup section */
		A95C1BEB1C4ECFB30063CED5 /* Main.storyboard */ = {
			isa = PBXVariantGroup;
			children = (
				A95C1BEC1C4ECFB30063CED5 /* Base */,
			);
			name = Main.storyboard;
			sourceTree = "<group>";
		};
		A95C1BF31C4ECFB30063CED5 /* LaunchScreen.storyboard */ = {
			isa = PBXVariantGroup;
			children = (
				A95C1BF41C4ECFB30063CED5 /* Base */,
			);
			name = LaunchScreen.storyboard;
			sourceTree = "<group>";
		};
/* End PBXVariantGroup section */

/* Begin XCBuildConfiguration section */
		A95C1BF71C4ECFB30063CED5 /* Debug */ = {
			isa = XCBuildConfiguration;
			buildSettings = {
				ALWAYS_SEARCH_USER_PATHS = NO;
				CLANG_CXX_LANGUAGE_STANDARD = "gnu++0x";
				CLANG_CXX_LIBRARY = "libc++";
				CLANG_ENABLE_MODULES = YES;
				CLANG_ENABLE_OBJC_ARC = YES;
				CLANG_WARN_BOOL_CONVERSION = YES;
				CLANG_WARN_CONSTANT_CONVERSION = YES;
				CLANG_WARN_DIRECT_OBJC_ISA_USAGE = YES_ERROR;
				CLANG_WARN_EMPTY_BODY = YES;
				CLANG_WARN_ENUM_CONVERSION = YES;
				CLANG_WARN_INT_CONVERSION = YES;
				CLANG_WARN_OBJC_ROOT_CLASS = YES_ERROR;
				CLANG_WARN_UNREACHABLE_CODE = YES;
				CLANG_WARN__DUPLICATE_METHOD_MATCH = YES;
				"CODE_SIGN_IDENTITY[sdk=iphoneos*]" = "iPhone Developer";
				COPY_PHASE_STRIP = NO;
				DEBUG_INFORMATION_FORMAT = dwarf;
				ENABLE_STRICT_OBJC_MSGSEND = YES;
				ENABLE_TESTABILITY = YES;
				GCC_C_LANGUAGE_STANDARD = gnu99;
				GCC_DYNAMIC_NO_PIC = NO;
				GCC_NO_COMMON_BLOCKS = YES;
				GCC_OPTIMIZATION_LEVEL = 0;
				GCC_PREPROCESSOR_DEFINITIONS = (
					"DEBUG=1",
					"$(inherited)",
				);
				GCC_WARN_64_TO_32_BIT_CONVERSION = YES;
				GCC_WARN_ABOUT_RETURN_TYPE = YES_ERROR;
				GCC_WARN_UNDECLARED_SELECTOR = YES;
				GCC_WARN_UNINITIALIZED_AUTOS = YES_AGGRESSIVE;
				GCC_WARN_UNUSED_FUNCTION = YES;
				GCC_WARN_UNUSED_VARIABLE = YES;
				IPHONEOS_DEPLOYMENT_TARGET = 9.2;
				MTL_ENABLE_DEBUG_INFO = YES;
				ONLY_ACTIVE_ARCH = YES;
				SDKROOT = iphoneos;
				SWIFT_OPTIMIZATION_LEVEL = "-Onone";
			};
			name = Debug;
		};
		A95C1BF81C4ECFB30063CED5 /* Release */ = {
			isa = XCBuildConfiguration;
			buildSettings = {
				ALWAYS_SEARCH_USER_PATHS = NO;
				CLANG_CXX_LANGUAGE_STANDARD = "gnu++0x";
				CLANG_CXX_LIBRARY = "libc++";
				CLANG_ENABLE_MODULES = YES;
				CLANG_ENABLE_OBJC_ARC = YES;
				CLANG_WARN_BOOL_CONVERSION = YES;
				CLANG_WARN_CONSTANT_CONVERSION = YES;
				CLANG_WARN_DIRECT_OBJC_ISA_USAGE = YES_ERROR;
				CLANG_WARN_EMPTY_BODY = YES;
				CLANG_WARN_ENUM_CONVERSION = YES;
				CLANG_WARN_INT_CONVERSION = YES;
				CLANG_WARN_OBJC_ROOT_CLASS = YES_ERROR;
				CLANG_WARN_UNREACHABLE_CODE = YES;
				CLANG_WARN__DUPLICATE_METHOD_MATCH = YES;
				"CODE_SIGN_IDENTITY[sdk=iphoneos*]" = "iPhone Developer";
				COPY_PHASE_STRIP = NO;
				DEBUG_INFORMATION_FORMAT = "dwarf-with-dsym";
				ENABLE_NS_ASSERTIONS = NO;
				ENABLE_STRICT_OBJC_MSGSEND = YES;
				GCC_C_LANGUAGE_STANDARD = gnu99;
				GCC_NO_COMMON_BLOCKS = YES;
				GCC_WARN_64_TO_32_BIT_CONVERSION = YES;
				GCC_WARN_ABOUT_RETURN_TYPE = YES_ERROR;
				GCC_WARN_UNDECLARED_SELECTOR = YES;
				GCC_WARN_UNINITIALIZED_AUTOS = YES_AGGRESSIVE;
				GCC_WARN_UNUSED_FUNCTION = YES;
				GCC_WARN_UNUSED_VARIABLE = YES;
				IPHONEOS_DEPLOYMENT_TARGET = 9.2;
				MTL_ENABLE_DEBUG_INFO = NO;
				SDKROOT = iphoneos;
				VALIDATE_PRODUCT = YES;
			};
			name = Release;
		};
		A95C1BFA1C4ECFB30063CED5 /* Debug */ = {
			isa = XCBuildConfiguration;
			buildSettings = {
				ASSETCATALOG_COMPILER_APPICON_NAME = AppIcon;
				EMBEDDED_CONTENT_CONTAINS_SWIFT = YES;
				INFOPLIST_FILE = "TBI App/Info.plist";
				LD_RUNPATH_SEARCH_PATHS = "$(inherited) @executable_path/Frameworks";
				PRODUCT_BUNDLE_IDENTIFIER = "com.georgemcdonnell.TBI-App";
				PRODUCT_NAME = "$(TARGET_NAME)";
			};
			name = Debug;
		};
		A95C1BFB1C4ECFB30063CED5 /* Release */ = {
			isa = XCBuildConfiguration;
			buildSettings = {
				ASSETCATALOG_COMPILER_APPICON_NAME = AppIcon;
				EMBEDDED_CONTENT_CONTAINS_SWIFT = YES;
				INFOPLIST_FILE = "TBI App/Info.plist";
				LD_RUNPATH_SEARCH_PATHS = "$(inherited) @executable_path/Frameworks";
				PRODUCT_BUNDLE_IDENTIFIER = "com.georgemcdonnell.TBI-App";
				PRODUCT_NAME = "$(TARGET_NAME)";
			};
			name = Release;
		};
/* End XCBuildConfiguration section */

/* Begin XCConfigurationList section */
		A95C1BDF1C4ECFB30063CED5 /* Build configuration list for PBXProject "TBI App" */ = {
			isa = XCConfigurationList;
			buildConfigurations = (
				A95C1BF71C4ECFB30063CED5 /* Debug */,
				A95C1BF81C4ECFB30063CED5 /* Release */,
			);
			defaultConfigurationIsVisible = 0;
			defaultConfigurationName = Release;
		};
		A95C1BF91C4ECFB30063CED5 /* Build configuration list for PBXNativeTarget "TBI App" */ = {
			isa = XCConfigurationList;
			buildConfigurations = (
				A95C1BFA1C4ECFB30063CED5 /* Debug */,
				A95C1BFB1C4ECFB30063CED5 /* Release */,
			);
			defaultConfigurationIsVisible = 0;
			defaultConfigurationName = Release;
		};
/* End XCConfigurationList section */

/* Begin XCVersionGroup section */
		A95C1BEE1C4ECFB30063CED5 /* TBI_App.xcdatamodeld */ = {
			isa = XCVersionGroup;
			children = (
				A95C1BEF1C4ECFB30063CED5 /* TBI_App.xcdatamodel */,
			);
			currentVersion = A95C1BEF1C4ECFB30063CED5 /* TBI_App.xcdatamodel */;
			path = TBI_App.xcdatamodeld;
			sourceTree = "<group>";
			versionGroupType = wrapper.xcdatamodel;
		};
/* End XCVersionGroup section */
	};
	rootObject = A95C1BDC1C4ECFB30063CED5 /* Project object */;
}
